
Microsoft Visual Studio Solution File, Format Version 12.00
# Visual Studio Version 17
VisualStudioVersion = 17.2.32630.192
MinimumVisualStudioVersion = 10.0.40219.1
Project("{9A19103F-16F7-4668-BE54-9A1E7A4F7556}") = "Unacademy", "Unacadamey\Unacademy.csproj", "{812D495F-20C7-407F-B27D-32FA1033936E}"
EndProject
Global
	GlobalSection(SolutionConfigurationPlatforms) = preSolution
		Debug|Any CPU = Debug|Any CPU
		Release|Any CPU = Release|Any CPU
	EndGlobalSection
	GlobalSection(ProjectConfigurationPlatforms) = postSolution
		{812D495F-20C7-407F-B27D-32FA1033936E}.Debug|Any CPU.ActiveCfg = Debug|Any CPU
		{812D495F-20C7-407F-B27D-32FA1033936E}.Debug|Any CPU.Build.0 = Debug|Any CPU
		{812D495F-20C7-407F-B27D-32FA1033936E}.Release|Any CPU.ActiveCfg = Release|Any CPU
		{812D495F-20C7-407F-B27D-32FA1033936E}.Release|Any CPU.Build.0 = Release|Any CPU
	EndGlobalSection
	GlobalSection(SolutionProperties) = preSolution
		HideSolutionNode = FALSE
	EndGlobalSection
	GlobalSection(ExtensibilityGlobals) = postSolution
		SolutionGuid = {685D194F-0D76-4C39-9B67-0BF3259D9424}
	EndGlobalSection
EndGlobal
